
Microsoft Visual Studio Solution File, Format Version 12.00
# Visual Studio 15
Project("{FAE04EC0-301F-11D3-BF4B-00C04F79EFBC}") = "HelloWorldCore", "HelloWorldCore\HelloWorldCore.csproj", "{303AE4E8-EBDB-4625-90D8-A7D6D2E0FB37}"
EndProject
Project("{FAE04EC0-301F-11D3-BF4B-00C04F79EFBC}") = "HelloWorldTest", "HelloWorldTest\HelloWorldTest.csproj", "{ED9253B5-DAE9-44C6-B381-ED6AC52643CC}"
EndProject
Project("{FAE04EC0-301F-11D3-BF4B-00C04F79EFBC}") = "NUnitTest", "NUnitTest\NUnitTest.csproj", "{F527F104-6D9D-482E-BD2F-99984A70C138}"
EndProject
Global
	GlobalSection(SolutionConfigurationPlatforms) = preSolution
		Debug|Any CPU = Debug|Any CPU
		Release|Any CPU = Release|Any CPU
	EndGlobalSection
	GlobalSection(ProjectConfigurationPlatforms) = postSolution
		{303AE4E8-EBDB-4625-90D8-A7D6D2E0FB37}.Debug|Any CPU.ActiveCfg = Debug|Any CPU
		{303AE4E8-EBDB-4625-90D8-A7D6D2E0FB37}.Debug|Any CPU.Build.0 = Debug|Any CPU
		{303AE4E8-EBDB-4625-90D8-A7D6D2E0FB37}.Release|Any CPU.ActiveCfg = Release|Any CPU
		{303AE4E8-EBDB-4625-90D8-A7D6D2E0FB37}.Release|Any CPU.Build.0 = Release|Any CPU
		{ED9253B5-DAE9-44C6-B381-ED6AC52643CC}.Debug|Any CPU.ActiveCfg = Debug|Any CPU
		{ED9253B5-DAE9-44C6-B381-ED6AC52643CC}.Debug|Any CPU.Build.0 = Debug|Any CPU
		{ED9253B5-DAE9-44C6-B381-ED6AC52643CC}.Release|Any CPU.ActiveCfg = Release|Any CPU
		{ED9253B5-DAE9-44C6-B381-ED6AC52643CC}.Release|Any CPU.Build.0 = Release|Any CPU
		{F527F104-6D9D-482E-BD2F-99984A70C138}.Debug|Any CPU.ActiveCfg = Debug|Any CPU
		{F527F104-6D9D-482E-BD2F-99984A70C138}.Debug|Any CPU.Build.0 = Debug|Any CPU
		{F527F104-6D9D-482E-BD2F-99984A70C138}.Release|Any CPU.ActiveCfg = Release|Any CPU
		{F527F104-6D9D-482E-BD2F-99984A70C138}.Release|Any CPU.Build.0 = Release|Any CPU
	EndGlobalSection
EndGlobal
